// !$*UTF8*$!
{
	archiveVersion = 1;
	classes = {
	};
	objectVersion = 55;
	objects = {

/* Begin PBXBuildFile section */
		F54F87CA27F456E500BAA13B /* Assets.xcassets in Resources */ = {isa = PBXBuildFile; fileRef = F54F87C427F456E500BAA13B /* Assets.xcassets */; };
		F54F87CB27F456E500BAA13B /* BigStyle.swift in Sources */ = {isa = PBXBuildFile; fileRef = F54F87C527F456E500BAA13B /* BigStyle.swift */; };
		F54F87CC27F456E500BAA13B /* ContentView.swift in Sources */ = {isa = PBXBuildFile; fileRef = F54F87C627F456E500BAA13B /* ContentView.swift */; };
		F54F87CD27F456E500BAA13B /* TimeInterval.swift in Sources */ = {isa = PBXBuildFile; fileRef = F54F87C727F456E500BAA13B /* TimeInterval.swift */; };
		F54F87CE27F456E500BAA13B /* TimerNotificationsApp.swift in Sources */ = {isa = PBXBuildFile; fileRef = F54F87C827F456E500BAA13B /* TimerNotificationsApp.swift */; };
		F54F87CF27F456E500BAA13B /* TimeSelection.swift in Sources */ = {isa = PBXBuildFile; fileRef = F54F87C927F456E500BAA13B /* TimeSelection.swift */; };
		F54F87D127F45B2D00BAA13B /* CompactStyle.swift in Sources */ = {isa = PBXBuildFile; fileRef = F54F87D027F45B2D00BAA13B /* CompactStyle.swift */; };
		F54F87D327F45C3E00BAA13B /* TimePresets.swift in Sources */ = {isa = PBXBuildFile; fileRef = F54F87D227F45C3E00BAA13B /* TimePresets.swift */; };
		F54F87D527F45D3200BAA13B /* Header.swift in Sources */ = {isa = PBXBuildFile; fileRef = F54F87D427F45D3200BAA13B /* Header.swift */; };
		F54F87D727F461BA00BAA13B /* NotificationManager.swift in Sources */ = {isa = PBXBuildFile; fileRef = F54F87D627F461BA00BAA13B /* NotificationManager.swift */; };
		F54F87DA27F46E7A00BAA13B /* InputField.swift in Sources */ = {isa = PBXBuildFile; fileRef = F54F87D927F46E7A00BAA13B /* InputField.swift */; };
		F5B6E4DE27F5DE7900D624BE /* PendingNotifications.swift in Sources */ = {isa = PBXBuildFile; fileRef = F5B6E4DD27F5DE7800D624BE /* PendingNotifications.swift */; };
		F5B6E4E027F5F1EF00D624BE /* NotificationItem.swift in Sources */ = {isa = PBXBuildFile; fileRef = F5B6E4DF27F5F1EF00D624BE /* NotificationItem.swift */; };
/* End PBXBuildFile section */

/* Begin PBXFileReference section */
		F54F879327F44BC100BAA13B /* TimerNotifications.app */ = {isa = PBXFileReference; explicitFileType = wrapper.application; includeInIndex = 0; path = TimerNotifications.app; sourceTree = BUILT_PRODUCTS_DIR; };
		F54F87C427F456E500BAA13B /* Assets.xcassets */ = {isa = PBXFileReference; lastKnownFileType = folder.assetcatalog; path = Assets.xcassets; sourceTree = "<group>"; };
		F54F87C527F456E500BAA13B /* BigStyle.swift */ = {isa = PBXFileReference; fileEncoding = 4; lastKnownFileType = sourcecode.swift; path = BigStyle.swift; sourceTree = "<group>"; };
		F54F87C627F456E500BAA13B /* ContentView.swift */ = {isa = PBXFileReference; fileEncoding = 4; lastKnownFileType = sourcecode.swift; path = ContentView.swift; sourceTree = "<group>"; };
		F54F87C727F456E500BAA13B /* TimeInterval.swift */ = {isa = PBXFileReference; fileEncoding = 4; lastKnownFileType = sourcecode.swift; path = TimeInterval.swift; sourceTree = "<group>"; };
		F54F87C827F456E500BAA13B /* TimerNotificationsApp.swift */ = {isa = PBXFileReference; fileEncoding = 4; lastKnownFileType = sourcecode.swift; path = TimerNotificationsApp.swift; sourceTree = "<group>"; };
		F54F87C927F456E500BAA13B /* TimeSelection.swift */ = {isa = PBXFileReference; fileEncoding = 4; lastKnownFileType = sourcecode.swift; path = TimeSelection.swift; sourceTree = "<group>"; };
		F54F87D027F45B2D00BAA13B /* CompactStyle.swift */ = {isa = PBXFileReference; lastKnownFileType = sourcecode.swift; path = CompactStyle.swift; sourceTree = "<group>"; };
		F54F87D227F45C3E00BAA13B /* TimePresets.swift */ = {isa = PBXFileReference; lastKnownFileType = sourcecode.swift; path = TimePresets.swift; sourceTree = "<group>"; };
		F54F87D427F45D3200BAA13B /* Header.swift */ = {isa = PBXFileReference; lastKnownFileType = sourcecode.swift; path = Header.swift; sourceTree = "<group>"; };
		F54F87D627F461BA00BAA13B /* NotificationManager.swift */ = {isa = PBXFileReference; lastKnownFileType = sourcecode.swift; path = NotificationManager.swift; sourceTree = "<group>"; };
		F54F87D827F4657800BAA13B /* TimerNotifications--iOS--Info.plist */ = {isa = PBXFileReference; lastKnownFileType = text.plist; path = "TimerNotifications--iOS--Info.plist"; sourceTree = "<group>"; };
		F54F87D927F46E7A00BAA13B /* InputField.swift */ = {isa = PBXFileReference; lastKnownFileType = sourcecode.swift; path = InputField.swift; sourceTree = "<group>"; };
		F5B6E4DD27F5DE7800D624BE /* PendingNotifications.swift */ = {isa = PBXFileReference; lastKnownFileType = sourcecode.swift; path = PendingNotifications.swift; sourceTree = "<group>"; };
		F5B6E4DF27F5F1EF00D624BE /* NotificationItem.swift */ = {isa = PBXFileReference; lastKnownFileType = sourcecode.swift; path = NotificationItem.swift; sourceTree = "<group>"; };
/* End PBXFileReference section */

/* Begin PBXFrameworksBuildPhase section */
		F54F879027F44BC100BAA13B /* Frameworks */ = {
			isa = PBXFrameworksBuildPhase;
			buildActionMask = 2147483647;
			files = (
			);
			runOnlyForDeploymentPostprocessing = 0;
		};
/* End PBXFrameworksBuildPhase section */

/* Begin PBXGroup section */
		F54F878627F44BC000BAA13B = {
			isa = PBXGroup;
			children = (
				F54F87C327F456AE00BAA13B /* Shared */,
				F54F87D827F4657800BAA13B /* TimerNotifications--iOS--Info.plist */,
				F54F879427F44BC100BAA13B /* Products */,
			);
			sourceTree = "<group>";
		};
		F54F879427F44BC100BAA13B /* Products */ = {
			isa = PBXGroup;
			children = (
				F54F879327F44BC100BAA13B /* TimerNotifications.app */,
			);
			name = Products;
			sourceTree = "<group>";
		};
		F54F87C327F456AE00BAA13B /* Shared */ = {
			isa = PBXGroup;
			children = (
				F54F87C827F456E500BAA13B /* TimerNotificationsApp.swift */,
				F54F87C627F456E500BAA13B /* ContentView.swift */,
				F54F87D227F45C3E00BAA13B /* TimePresets.swift */,
				F54F87D927F46E7A00BAA13B /* InputField.swift */,
				F54F87D427F45D3200BAA13B /* Header.swift */,
				F54F87C527F456E500BAA13B /* BigStyle.swift */,
				F54F87D027F45B2D00BAA13B /* CompactStyle.swift */,
				F5B6E4DD27F5DE7800D624BE /* PendingNotifications.swift */,
				F5B6E4DF27F5F1EF00D624BE /* NotificationItem.swift */,
				F54F87C927F456E500BAA13B /* TimeSelection.swift */,
				F54F87C727F456E500BAA13B /* TimeInterval.swift */,
				F54F87D627F461BA00BAA13B /* NotificationManager.swift */,
				F54F87C427F456E500BAA13B /* Assets.xcassets */,
			);
			path = Shared;
			sourceTree = "<group>";
		};
/* End PBXGroup section */

/* Begin PBXNativeTarget section */
		F54F879227F44BC100BAA13B /* TimerNotifications (iOS) */ = {
			isa = PBXNativeTarget;
			buildConfigurationList = F54F87A427F44BC100BAA13B /* Build configuration list for PBXNativeTarget "TimerNotifications (iOS)" */;
			buildPhases = (
				F54F878F27F44BC100BAA13B /* Sources */,
				F54F879027F44BC100BAA13B /* Frameworks */,
				F54F879127F44BC100BAA13B /* Resources */,
			);
			buildRules = (
			);
			dependencies = (
			);
			name = "TimerNotifications (iOS)";
			productName = "TimerNotifications (iOS)";
			productReference = F54F879327F44BC100BAA13B /* TimerNotifications.app */;
			productType = "com.apple.product-type.application";
		};
/* End PBXNativeTarget section */

/* Begin PBXProject section */
		F54F878727F44BC000BAA13B /* Project object */ = {
			isa = PBXProject;
			attributes = {
				BuildIndependentTargetsInParallel = 1;
				LastSwiftUpdateCheck = 1330;
				LastUpgradeCheck = 1330;
				TargetAttributes = {
					F54F879227F44BC100BAA13B = {
						CreatedOnToolsVersion = 13.3;
						LastSwiftMigration = 1330;
					};
				};
			};
			buildConfigurationList = F54F878A27F44BC000BAA13B /* Build configuration list for PBXProject "TimerNotifications" */;
			compatibilityVersion = "Xcode 13.0";
			developmentRegion = en;
			hasScannedForEncodings = 0;
			knownRegions = (
				en,
				Base,
			);
			mainGroup = F54F878627F44BC000BAA13B;
			productRefGroup = F54F879427F44BC100BAA13B /* Products */;
			projectDirPath = "";
			projectRoot = "";
			targets = (
				F54F879227F44BC100BAA13B /* TimerNotifications (iOS) */,
			);
		};
/* End PBXProject section */

/* Begin PBXResourcesBuildPhase section */
		F54F879127F44BC100BAA13B /* Resources */ = {
			isa = PBXResourcesBuildPhase;
			buildActionMask = 2147483647;
			files = (
				F54F87CA27F456E500BAA13B /* Assets.xcassets in Resources */,
			);
			runOnlyForDeploymentPostprocessing = 0;
		};
/* End PBXResourcesBuildPhase section */

/* Begin PBXSourcesBuildPhase section */
		F54F878F27F44BC100BAA13B /* Sources */ = {
			isa = PBXSourcesBuildPhase;
			buildActionMask = 2147483647;
			files = (
				F54F87D527F45D3200BAA13B /* Header.swift in Sources */,
				F54F87CC27F456E500BAA13B /* ContentView.swift in Sources */,
				F54F87D127F45B2D00BAA13B /* CompactStyle.swift in Sources */,
				F54F87DA27F46E7A00BAA13B /* InputField.swift in Sources */,
				F54F87D727F461BA00BAA13B /* NotificationManager.swift in Sources */,
				F54F87CF27F456E500BAA13B /* TimeSelection.swift in Sources */,
				F54F87CD27F456E500BAA13B /* TimeInterval.swift in Sources */,
				F54F87CE27F456E500BAA13B /* TimerNotificationsApp.swift in Sources */,
				F54F87CB27F456E500BAA13B /* BigStyle.swift in Sources */,
				F54F87D327F45C3E00BAA13B /* TimePresets.swift in Sources */,
				F5B6E4DE27F5DE7900D624BE /* PendingNotifications.swift in Sources */,
				F5B6E4E027F5F1EF00D624BE /* NotificationItem.swift in Sources */,
			);
			runOnlyForDeploymentPostprocessing = 0;
		};
/* End PBXSourcesBuildPhase section */

/* Begin XCBuildConfiguration section */
		F54F87A227F44BC100BAA13B /* Debug */ = {
			isa = XCBuildConfiguration;
			buildSettings = {
				ALWAYS_SEARCH_USER_PATHS = NO;
				CLANG_ANALYZER_NONNULL = YES;
				CLANG_ANALYZER_NUMBER_OBJECT_CONVERSION = YES_AGGRESSIVE;
				CLANG_CXX_LANGUAGE_STANDARD = "gnu++17";
				CLANG_ENABLE_MODULES = YES;
				CLANG_ENABLE_OBJC_ARC = YES;
				CLANG_ENABLE_OBJC_WEAK = YES;
				CLANG_WARN_BLOCK_CAPTURE_AUTORELEASING = YES;
				CLANG_WARN_BOOL_CONVERSION = YES;
				CLANG_WARN_COMMA = YES;
				CLANG_WARN_CONSTANT_CONVERSION = YES;
				CLANG_WARN_DEPRECATED_OBJC_IMPLEMENTATIONS = YES;
				CLANG_WARN_DIRECT_OBJC_ISA_USAGE = YES_ERROR;
				CLANG_WARN_DOCUMENTATION_COMMENTS = YES;
				CLANG_WARN_EMPTY_BODY = YES;
				CLANG_WARN_ENUM_CONVERSION = YES;
				CLANG_WARN_INFINITE_RECURSION = YES;
				CLANG_WARN_INT_CONVERSION = YES;
				CLANG_WARN_NON_LITERAL_NULL_CONVERSION = YES;
				CLANG_WARN_OBJC_IMPLICIT_RETAIN_SELF = YES;
				CLANG_WARN_OBJC_LITERAL_CONVERSION = YES;
				CLANG_WARN_OBJC_ROOT_CLASS = YES_ERROR;
				CLANG_WARN_QUOTED_INCLUDE_IN_FRAMEWORK_HEADER = YES;
				CLANG_WARN_RANGE_LOOP_ANALYSIS = YES;
				CLANG_WARN_STRICT_PROTOTYPES = YES;
				CLANG_WARN_SUSPICIOUS_MOVE = YES;
				CLANG_WARN_UNGUARDED_AVAILABILITY = YES_AGGRESSIVE;
				CLANG_WARN_UNREACHABLE_CODE = YES;
				CLANG_WARN__DUPLICATE_METHOD_MATCH = YES;
				COPY_PHASE_STRIP = NO;
				DEBUG_INFORMATION_FORMAT = dwarf;
				ENABLE_STRICT_OBJC_MSGSEND = YES;
				ENABLE_TESTABILITY = YES;
				GCC_C_LANGUAGE_STANDARD = gnu11;
				GCC_DYNAMIC_NO_PIC = NO;
				GCC_NO_COMMON_BLOCKS = YES;
				GCC_OPTIMIZATION_LEVEL = 0;
				GCC_PREPROCESSOR_DEFINITIONS = (
					"DEBUG=1",
					"$(inherited)",
				);
				GCC_WARN_64_TO_32_BIT_CONVERSION = YES;
				GCC_WARN_ABOUT_RETURN_TYPE = YES_ERROR;
				GCC_WARN_UNDECLARED_SELECTOR = YES;
				GCC_WARN_UNINITIALIZED_AUTOS = YES_AGGRESSIVE;
				GCC_WARN_UNUSED_FUNCTION = YES;
				GCC_WARN_UNUSED_VARIABLE = YES;
				MTL_ENABLE_DEBUG_INFO = INCLUDE_SOURCE;
				MTL_FAST_MATH = YES;
				ONLY_ACTIVE_ARCH = YES;
				SWIFT_ACTIVE_COMPILATION_CONDITIONS = DEBUG;
				SWIFT_OPTIMIZATION_LEVEL = "-Onone";
			};
			name = Debug;
		};
		F54F87A327F44BC100BAA13B /* Release */ = {
			isa = XCBuildConfiguration;
			buildSettings = {
				ALWAYS_SEARCH_USER_PATHS = NO;
				CLANG_ANALYZER_NONNULL = YES;
				CLANG_ANALYZER_NUMBER_OBJECT_CONVERSION = YES_AGGRESSIVE;
				CLANG_CXX_LANGUAGE_STANDARD = "gnu++17";
				CLANG_ENABLE_MODULES = YES;
				CLANG_ENABLE_OBJC_ARC = YES;
				CLANG_ENABLE_OBJC_WEAK = YES;
				CLANG_WARN_BLOCK_CAPTURE_AUTORELEASING = YES;
				CLANG_WARN_BOOL_CONVERSION = YES;
				CLANG_WARN_COMMA = YES;
				CLANG_WARN_CONSTANT_CONVERSION = YES;
				CLANG_WARN_DEPRECATED_OBJC_IMPLEMENTATIONS = YES;
				CLANG_WARN_DIRECT_OBJC_ISA_USAGE = YES_ERROR;
				CLANG_WARN_DOCUMENTATION_COMMENTS = YES;
				CLANG_WARN_EMPTY_BODY = YES;
				CLANG_WARN_ENUM_CONVERSION = YES;
				CLANG_WARN_INFINITE_RECURSION = YES;
				CLANG_WARN_INT_CONVERSION = YES;
				CLANG_WARN_NON_LITERAL_NULL_CONVERSION = YES;
				CLANG_WARN_OBJC_IMPLICIT_RETAIN_SELF = YES;
				CLANG_WARN_OBJC_LITERAL_CONVERSION = YES;
				CLANG_WARN_OBJC_ROOT_CLASS = YES_ERROR;
				CLANG_WARN_QUOTED_INCLUDE_IN_FRAMEWORK_HEADER = YES;
				CLANG_WARN_RANGE_LOOP_ANALYSIS = YES;
				CLANG_WARN_STRICT_PROTOTYPES = YES;
				CLANG_WARN_SUSPICIOUS_MOVE = YES;
				CLANG_WARN_UNGUARDED_AVAILABILITY = YES_AGGRESSIVE;
				CLANG_WARN_UNREACHABLE_CODE = YES;
				CLANG_WARN__DUPLICATE_METHOD_MATCH = YES;
				COPY_PHASE_STRIP = NO;
				DEBUG_INFORMATION_FORMAT = "dwarf-with-dsym";
				ENABLE_NS_ASSERTIONS = NO;
				ENABLE_STRICT_OBJC_MSGSEND = YES;
				GCC_C_LANGUAGE_STANDARD = gnu11;
				GCC_NO_COMMON_BLOCKS = YES;
				GCC_WARN_64_TO_32_BIT_CONVERSION = YES;
				GCC_WARN_ABOUT_RETURN_TYPE = YES_ERROR;
				GCC_WARN_UNDECLARED_SELECTOR = YES;
				GCC_WARN_UNINITIALIZED_AUTOS = YES_AGGRESSIVE;
				GCC_WARN_UNUSED_FUNCTION = YES;
				GCC_WARN_UNUSED_VARIABLE = YES;
				MTL_ENABLE_DEBUG_INFO = NO;
				MTL_FAST_MATH = YES;
				SWIFT_COMPILATION_MODE = wholemodule;
				SWIFT_OPTIMIZATION_LEVEL = "-O";
			};
			name = Release;
		};
		F54F87A527F44BC100BAA13B /* Debug */ = {
			isa = XCBuildConfiguration;
			buildSettings = {
				ASSETCATALOG_COMPILER_APPICON_NAME = AppIcon;
				ASSETCATALOG_COMPILER_GLOBAL_ACCENT_COLOR_NAME = AccentColor;
				CLANG_ENABLE_MODULES = YES;
				CODE_SIGN_STYLE = Automatic;
				CURRENT_PROJECT_VERSION = 1;
				DEVELOPMENT_TEAM = JB3QK77KA5;
				ENABLE_PREVIEWS = YES;
				GENERATE_INFOPLIST_FILE = YES;
				INFOPLIST_FILE = "TimerNotifications--iOS--Info.plist";
				INFOPLIST_KEY_UIApplicationSceneManifest_Generation = YES;
				INFOPLIST_KEY_UIApplicationSupportsIndirectInputEvents = YES;
				INFOPLIST_KEY_UILaunchScreen_Generation = YES;
				INFOPLIST_KEY_UISupportedInterfaceOrientations_iPhone = "UIInterfaceOrientationPortrait UIInterfaceOrientationLandscapeLeft UIInterfaceOrientationLandscapeRight";
				IPHONEOS_DEPLOYMENT_TARGET = 15.4;
				LD_RUNPATH_SEARCH_PATHS = (
					"$(inherited)",
					"@executable_path/Frameworks",
				);
				MARKETING_VERSION = 1.0;
				PRODUCT_BUNDLE_IDENTIFIER = de.gregor.TimerNotifications;
				PRODUCT_NAME = TimerNotifications;
				SDKROOT = iphoneos;
				SWIFT_EMIT_LOC_STRINGS = YES;
				SWIFT_OPTIMIZATION_LEVEL = "-Onone";
				SWIFT_VERSION = 5.0;
				TARGETED_DEVICE_FAMILY = 1;
			};
			name = Debug;
		};
		F54F87A627F44BC100BAA13B /* Release */ = {
			isa = XCBuildConfiguration;
			buildSettings = {
				ASSETCATALOG_COMPILER_APPICON_NAME = AppIcon;
				ASSETCATALOG_COMPILER_GLOBAL_ACCENT_COLOR_NAME = AccentColor;
				CLANG_ENABLE_MODULES = YES;
				CODE_SIGN_STYLE = Automatic;
				CURRENT_PROJECT_VERSION = 1;
				DEVELOPMENT_TEAM = JB3QK77KA5;
				ENABLE_PREVIEWS = YES;
				GENERATE_INFOPLIST_FILE = YES;
				INFOPLIST_FILE = "TimerNotifications--iOS--Info.plist";
				INFOPLIST_KEY_UIApplicationSceneManifest_Generation = YES;
				INFOPLIST_KEY_UIApplicationSupportsIndirectInputEvents = YES;
				INFOPLIST_KEY_UILaunchScreen_Generation = YES;
				INFOPLIST_KEY_UISupportedInterfaceOrientations_iPhone = "UIInterfaceOrientationPortrait UIInterfaceOrientationLandscapeLeft UIInterfaceOrientationLandscapeRight";
				IPHONEOS_DEPLOYMENT_TARGET = 15.4;
				LD_RUNPATH_SEARCH_PATHS = (
					"$(inherited)",
					"@executable_path/Frameworks",
				);
				MARKETING_VERSION = 1.0;
				PRODUCT_BUNDLE_IDENTIFIER = de.gregor.TimerNotifications;
				PRODUCT_NAME = TimerNotifications;
				SDKROOT = iphoneos;
				SWIFT_EMIT_LOC_STRINGS = YES;
				SWIFT_VERSION = 5.0;
				TARGETED_DEVICE_FAMILY = 1;
				VALIDATE_PRODUCT = YES;
			};
			name = Release;
		};
/* End XCBuildConfiguration section */

/* Begin XCConfigurationList section */
		F54F878A27F44BC000BAA13B /* Build configuration list for PBXProject "TimerNotifications" */ = {
			isa = XCConfigurationList;
			buildConfigurations = (
				F54F87A227F44BC100BAA13B /* Debug */,
				F54F87A327F44BC100BAA13B /* Release */,
			);
			defaultConfigurationIsVisible = 0;
			defaultConfigurationName = Release;
		};
		F54F87A427F44BC100BAA13B /* Build configuration list for PBXNativeTarget "TimerNotifications (iOS)" */ = {
			isa = XCConfigurationList;
			buildConfigurations = (
				F54F87A527F44BC100BAA13B /* Debug */,
				F54F87A627F44BC100BAA13B /* Release */,
			);
			defaultConfigurationIsVisible = 0;
			defaultConfigurationName = Release;
		};
/* End XCConfigurationList section */
	};
	rootObject = F54F878727F44BC000BAA13B /* Project object */;
}
